
Microsoft Visual Studio Solution File, Format Version 12.00
# Visual Studio 2012
VisualStudioVersion = 12.0.21005.1
MinimumVisualStudioVersion = 10.0.40219.1
Project("{FAE04EC0-301F-11D3-BF4B-00C04F79EFBC}") = "SharkMath", "SharkMath\SharkMath.csproj", "{42FEF908-C2FF-44FC-B611-6A0F28FB5903}"
EndProject
Project("{FAE04EC0-301F-11D3-BF4B-00C04F79EFBC}") = "SharkExec", "SharkExec\SharkExec.csproj", "{7FBD6964-5FE0-4ABE-954F-900D52056596}"
EndProject
Global
	GlobalSection(SolutionConfigurationPlatforms) = preSolution
		Debug|Any CPU = Debug|Any CPU
		Release|Any CPU = Release|Any CPU
	EndGlobalSection
	GlobalSection(ProjectConfigurationPlatforms) = postSolution
		{42FEF908-C2FF-44FC-B611-6A0F28FB5903}.Debug|Any CPU.ActiveCfg = Debug|Any CPU
		{42FEF908-C2FF-44FC-B611-6A0F28FB5903}.Debug|Any CPU.Build.0 = Debug|Any CPU
		{42FEF908-C2FF-44FC-B611-6A0F28FB5903}.Release|Any CPU.ActiveCfg = Release|Any CPU
		{42FEF908-C2FF-44FC-B611-6A0F28FB5903}.Release|Any CPU.Build.0 = Release|Any CPU
		{7FBD6964-5FE0-4ABE-954F-900D52056596}.Debug|Any CPU.ActiveCfg = Debug|Any CPU
		{7FBD6964-5FE0-4ABE-954F-900D52056596}.Debug|Any CPU.Build.0 = Debug|Any CPU
		{7FBD6964-5FE0-4ABE-954F-900D52056596}.Release|Any CPU.ActiveCfg = Release|Any CPU
		{7FBD6964-5FE0-4ABE-954F-900D52056596}.Release|Any CPU.Build.0 = Release|Any CPU
	EndGlobalSection
	GlobalSection(SolutionProperties) = preSolution
		HideSolutionNode = FALSE
	EndGlobalSection
EndGlobal
